{
  "name": "mmm-face-reco-dnn",
  "version": "1.0.3",
  "lockfileVersion": 1,
  "requires": true,
  "dependencies": {
    "python-shell": {
      "version": "1.0.7",
      "resolved": "https://registry.npmjs.org/python-shell/-/python-shell-1.0.7.tgz",
      "integrity": "sha512-k6s27Uj5WEAxFLRKLFUvlDCm1GpkmAQ4vg9CASgqwbHqAM1d1x3nh3bzlBKgmRwNDeLlu0DP41CqwRZn1DKtuA=="
    },
    "signal-exit": {
      "version": "3.0.2",
      "resolved": "https://registry.npmjs.org/signal-exit/-/signal-exit-3.0.2.tgz",
      "integrity": "sha1-tf3AjxKH6hF4Yo5BXiUTK3NkbG0="
    }
  }
}
